
Microsoft Visual Studio Solution File, Format Version 12.00
# Visual Studio 15
VisualStudioVersion = 15.0.28307.539
MinimumVisualStudioVersion = 10.0.40219.1
Project("{9A19103F-16F7-4668-BE54-9A1E7A4F7556}") = "OcelotService", "OcelotService\OcelotService.csproj", "{ED116636-2F45-4DF8-8834-7212A0118F6A}"
EndProject
Project("{9A19103F-16F7-4668-BE54-9A1E7A4F7556}") = "ServiceApi_007", "ServiceApi_007\ServiceApi_007.csproj", "{D4E0BA4D-1B8A-4735-B242-1776DAA478DE}"
EndProject
Project("{9A19103F-16F7-4668-BE54-9A1E7A4F7556}") = "ServiceApi_10086", "Service_10086\ServiceApi_10086.csproj", "{51CA48A2-2497-48D7-8A3F-775C88FD45D2}"
EndProject
Project("{9A19103F-16F7-4668-BE54-9A1E7A4F7556}") = "Service.AuthDemo", "Service.AuthDemo\Service.AuthDemo.csproj", "{5E66A084-0B49-44CE-AD0E-36DB4AB0FCDA}"
EndProject
Project("{9A19103F-16F7-4668-BE54-9A1E7A4F7556}") = "Ocelot.Common", "Ocelot.Common\Ocelot.Common.csproj", "{CE259EB6-402B-47C9-ADF1-4A21D1EC0B1C}"
EndProject
Project("{9A19103F-16F7-4668-BE54-9A1E7A4F7556}") = "OcelotService.Demo", "OcelotService.Demo\OcelotService.Demo.csproj", "{A7494EBB-B57C-4937-81B9-F45798DC611D}"
EndProject
Project("{2150E333-8FDC-42A3-9474-1A3956D46DE8}") = "测试", "测试", "{AEB373E8-DE52-4B21-AAE8-DAD301012EB5}"
EndProject
Project("{FAE04EC0-301F-11D3-BF4B-00C04F79EFBC}") = "ClientDemo", "ClientDemo\ClientDemo.csproj", "{0637912E-3885-4445-8D64-5DDA18149341}"
EndProject
Global
	GlobalSection(SolutionConfigurationPlatforms) = preSolution
		Debug|Any CPU = Debug|Any CPU
		Debug|x86 = Debug|x86
		Release|Any CPU = Release|Any CPU
		Release|x86 = Release|x86
	EndGlobalSection
	GlobalSection(ProjectConfigurationPlatforms) = postSolution
		{ED116636-2F45-4DF8-8834-7212A0118F6A}.Debug|Any CPU.ActiveCfg = Debug|Any CPU
		{ED116636-2F45-4DF8-8834-7212A0118F6A}.Debug|Any CPU.Build.0 = Debug|Any CPU
		{ED116636-2F45-4DF8-8834-7212A0118F6A}.Debug|x86.ActiveCfg = Debug|x86
		{ED116636-2F45-4DF8-8834-7212A0118F6A}.Debug|x86.Build.0 = Debug|x86
		{ED116636-2F45-4DF8-8834-7212A0118F6A}.Release|Any CPU.ActiveCfg = Release|Any CPU
		{ED116636-2F45-4DF8-8834-7212A0118F6A}.Release|Any CPU.Build.0 = Release|Any CPU
		{ED116636-2F45-4DF8-8834-7212A0118F6A}.Release|x86.ActiveCfg = Release|x86
		{ED116636-2F45-4DF8-8834-7212A0118F6A}.Release|x86.Build.0 = Release|x86
		{D4E0BA4D-1B8A-4735-B242-1776DAA478DE}.Debug|Any CPU.ActiveCfg = Debug|Any CPU
		{D4E0BA4D-1B8A-4735-B242-1776DAA478DE}.Debug|Any CPU.Build.0 = Debug|Any CPU
		{D4E0BA4D-1B8A-4735-B242-1776DAA478DE}.Debug|x86.ActiveCfg = Debug|Any CPU
		{D4E0BA4D-1B8A-4735-B242-1776DAA478DE}.Debug|x86.Build.0 = Debug|Any CPU
		{D4E0BA4D-1B8A-4735-B242-1776DAA478DE}.Release|Any CPU.ActiveCfg = Release|Any CPU
		{D4E0BA4D-1B8A-4735-B242-1776DAA478DE}.Release|Any CPU.Build.0 = Release|Any CPU
		{D4E0BA4D-1B8A-4735-B242-1776DAA478DE}.Release|x86.ActiveCfg = Release|Any CPU
		{D4E0BA4D-1B8A-4735-B242-1776DAA478DE}.Release|x86.Build.0 = Release|Any CPU
		{51CA48A2-2497-48D7-8A3F-775C88FD45D2}.Debug|Any CPU.ActiveCfg = Debug|Any CPU
		{51CA48A2-2497-48D7-8A3F-775C88FD45D2}.Debug|Any CPU.Build.0 = Debug|Any CPU
		{51CA48A2-2497-48D7-8A3F-775C88FD45D2}.Debug|x86.ActiveCfg = Debug|Any CPU
		{51CA48A2-2497-48D7-8A3F-775C88FD45D2}.Debug|x86.Build.0 = Debug|Any CPU
		{51CA48A2-2497-48D7-8A3F-775C88FD45D2}.Release|Any CPU.ActiveCfg = Release|Any CPU
		{51CA48A2-2497-48D7-8A3F-775C88FD45D2}.Release|Any CPU.Build.0 = Release|Any CPU
		{51CA48A2-2497-48D7-8A3F-775C88FD45D2}.Release|x86.ActiveCfg = Release|Any CPU
		{51CA48A2-2497-48D7-8A3F-775C88FD45D2}.Release|x86.Build.0 = Release|Any CPU
		{5E66A084-0B49-44CE-AD0E-36DB4AB0FCDA}.Debug|Any CPU.ActiveCfg = Debug|Any CPU
		{5E66A084-0B49-44CE-AD0E-36DB4AB0FCDA}.Debug|Any CPU.Build.0 = Debug|Any CPU
		{5E66A084-0B49-44CE-AD0E-36DB4AB0FCDA}.Debug|x86.ActiveCfg = Debug|Any CPU
		{5E66A084-0B49-44CE-AD0E-36DB4AB0FCDA}.Debug|x86.Build.0 = Debug|Any CPU
		{5E66A084-0B49-44CE-AD0E-36DB4AB0FCDA}.Release|Any CPU.ActiveCfg = Release|Any CPU
		{5E66A084-0B49-44CE-AD0E-36DB4AB0FCDA}.Release|Any CPU.Build.0 = Release|Any CPU
		{5E66A084-0B49-44CE-AD0E-36DB4AB0FCDA}.Release|x86.ActiveCfg = Release|Any CPU
		{5E66A084-0B49-44CE-AD0E-36DB4AB0FCDA}.Release|x86.Build.0 = Release|Any CPU
		{CE259EB6-402B-47C9-ADF1-4A21D1EC0B1C}.Debug|Any CPU.ActiveCfg = Debug|Any CPU
		{CE259EB6-402B-47C9-ADF1-4A21D1EC0B1C}.Debug|Any CPU.Build.0 = Debug|Any CPU
		{CE259EB6-402B-47C9-ADF1-4A21D1EC0B1C}.Debug|x86.ActiveCfg = Debug|Any CPU
		{CE259EB6-402B-47C9-ADF1-4A21D1EC0B1C}.Debug|x86.Build.0 = Debug|Any CPU
		{CE259EB6-402B-47C9-ADF1-4A21D1EC0B1C}.Release|Any CPU.ActiveCfg = Release|Any CPU
		{CE259EB6-402B-47C9-ADF1-4A21D1EC0B1C}.Release|Any CPU.Build.0 = Release|Any CPU
		{CE259EB6-402B-47C9-ADF1-4A21D1EC0B1C}.Release|x86.ActiveCfg = Release|Any CPU
		{CE259EB6-402B-47C9-ADF1-4A21D1EC0B1C}.Release|x86.Build.0 = Release|Any CPU
		{A7494EBB-B57C-4937-81B9-F45798DC611D}.Debug|Any CPU.ActiveCfg = Debug|Any CPU
		{A7494EBB-B57C-4937-81B9-F45798DC611D}.Debug|Any CPU.Build.0 = Debug|Any CPU
		{A7494EBB-B57C-4937-81B9-F45798DC611D}.Debug|x86.ActiveCfg = Debug|x86
		{A7494EBB-B57C-4937-81B9-F45798DC611D}.Debug|x86.Build.0 = Debug|x86
		{A7494EBB-B57C-4937-81B9-F45798DC611D}.Release|Any CPU.ActiveCfg = Release|Any CPU
		{A7494EBB-B57C-4937-81B9-F45798DC611D}.Release|Any CPU.Build.0 = Release|Any CPU
		{A7494EBB-B57C-4937-81B9-F45798DC611D}.Release|x86.ActiveCfg = Release|Any CPU
		{A7494EBB-B57C-4937-81B9-F45798DC611D}.Release|x86.Build.0 = Release|Any CPU
		{0637912E-3885-4445-8D64-5DDA18149341}.Debug|Any CPU.ActiveCfg = Debug|Any CPU
		{0637912E-3885-4445-8D64-5DDA18149341}.Debug|Any CPU.Build.0 = Debug|Any CPU
		{0637912E-3885-4445-8D64-5DDA18149341}.Debug|x86.ActiveCfg = Debug|Any CPU
		{0637912E-3885-4445-8D64-5DDA18149341}.Debug|x86.Build.0 = Debug|Any CPU
		{0637912E-3885-4445-8D64-5DDA18149341}.Release|Any CPU.ActiveCfg = Release|Any CPU
		{0637912E-3885-4445-8D64-5DDA18149341}.Release|Any CPU.Build.0 = Release|Any CPU
		{0637912E-3885-4445-8D64-5DDA18149341}.Release|x86.ActiveCfg = Release|Any CPU
		{0637912E-3885-4445-8D64-5DDA18149341}.Release|x86.Build.0 = Release|Any CPU
	EndGlobalSection
	GlobalSection(SolutionProperties) = preSolution
		HideSolutionNode = FALSE
	EndGlobalSection
	GlobalSection(NestedProjects) = preSolution
		{0637912E-3885-4445-8D64-5DDA18149341} = {AEB373E8-DE52-4B21-AAE8-DAD301012EB5}
	EndGlobalSection
	GlobalSection(ExtensibilityGlobals) = postSolution
		SolutionGuid = {5C7E3480-B35E-41D2-B680-E2EF34CC80D3}
	EndGlobalSection
EndGlobal
